{
  "requires": true,
  "lockfileVersion": 1,
  "dependencies": {
    "tinymce": {
      "version": "5.3.2",
      "resolved": "https://registry.npmjs.org/tinymce/-/tinymce-5.3.2.tgz",
      "integrity": "sha512-d8LaanlW+i/V5Ncb49gR2ncx0Tl2iWJBsepdsuT5qOlFaAPueIfc+btwwERXra7M6KDx0mOwKJaE2FBI+lHz3Q=="
    }
  }
}
